
Microsoft Visual Studio Solution File, Format Version 12.00
# Visual Studio Version 17
VisualStudioVersion = 17.0.32126.317
MinimumVisualStudioVersion = 10.0.40219.1
Project("{9092AA53-FB77-4645-B42D-1CCCA6BD08BD}") = "VueApp", "VueApp\VueApp.njsproj", "{2A63D0E8-B266-4101-8096-008FF0D4E012}"
EndProject
Global
	GlobalSection(SolutionConfigurationPlatforms) = preSolution
		Debug|Any CPU = Debug|Any CPU
		Release|Any CPU = Release|Any CPU
	EndGlobalSection
	GlobalSection(ProjectConfigurationPlatforms) = postSolution
		{2A63D0E8-B266-4101-8096-008FF0D4E012}.Debug|Any CPU.ActiveCfg = Debug|Any CPU
		{2A63D0E8-B266-4101-8096-008FF0D4E012}.Debug|Any CPU.Build.0 = Debug|Any CPU
		{2A63D0E8-B266-4101-8096-008FF0D4E012}.Release|Any CPU.ActiveCfg = Release|Any CPU
		{2A63D0E8-B266-4101-8096-008FF0D4E012}.Release|Any CPU.Build.0 = Release|Any CPU
	EndGlobalSection
	GlobalSection(SolutionProperties) = preSolution
		HideSolutionNode = FALSE
	EndGlobalSection
	GlobalSection(ExtensibilityGlobals) = postSolution
		SolutionGuid = {9BC1C6CA-C025-411C-B476-77B29CBDD814}
	EndGlobalSection
EndGlobal
